{
  "name": "url-longener",
  "version": "1.0.0",
  "lockfileVersion": 2,
  "requires": true,
  "packages": {
    "": {
      "name": "url-longener",
      "version": "1.0.0",
      "license": "ISC",
      "dependencies": {
        "itty-router": "^2.4.2"
      }
    },
    "node_modules/itty-router": {
      "version": "2.4.2",
      "resolved": "https://registry.npmjs.org/itty-router/-/itty-router-2.4.2.tgz",
      "integrity": "sha512-VCJPoGKYrCoFSGQ9kko5prt66SHVppde498kj9XkMuZVrLCaG6xSIMIz/qaqW/mWk34BJPYGzhvWMf6l8g/CnA=="
    }
  },
  "dependencies": {
    "itty-router": {
      "version": "2.4.2",
      "resolved": "https://registry.npmjs.org/itty-router/-/itty-router-2.4.2.tgz",
      "integrity": "sha512-VCJPoGKYrCoFSGQ9kko5prt66SHVppde498kj9XkMuZVrLCaG6xSIMIz/qaqW/mWk34BJPYGzhvWMf6l8g/CnA=="
    }
  }
}
